
Microsoft Visual Studio Solution File, Format Version 12.00
# Visual Studio Version 17
VisualStudioVersion = 17.3.32819.101
MinimumVisualStudioVersion = 10.0.40219.1
Project("{FAE04EC0-301F-11D3-BF4B-00C04F79EFBC}") = "AsciiArtConverter", "AsciiArtConverter\AsciiArtConverter.csproj", "{AD1D1C66-FC84-49EB-A619-C18768936081}"
EndProject
Global
	GlobalSection(SolutionConfigurationPlatforms) = preSolution
		Debug|Any CPU = Debug|Any CPU
		Release|Any CPU = Release|Any CPU
	EndGlobalSection
	GlobalSection(ProjectConfigurationPlatforms) = postSolution
		{AD1D1C66-FC84-49EB-A619-C18768936081}.Debug|Any CPU.ActiveCfg = Debug|Any CPU
		{AD1D1C66-FC84-49EB-A619-C18768936081}.Debug|Any CPU.Build.0 = Debug|Any CPU
		{AD1D1C66-FC84-49EB-A619-C18768936081}.Release|Any CPU.ActiveCfg = Release|Any CPU
		{AD1D1C66-FC84-49EB-A619-C18768936081}.Release|Any CPU.Build.0 = Release|Any CPU
	EndGlobalSection
	GlobalSection(SolutionProperties) = preSolution
		HideSolutionNode = FALSE
	EndGlobalSection
	GlobalSection(ExtensibilityGlobals) = postSolution
		SolutionGuid = {64C3B37D-DC21-4DF2-BC39-41FBEB2B8FD1}
	EndGlobalSection
EndGlobal
